// !$*UTF8*$!
{
	archiveVersion = 1;
	classes = {
	};
	objectVersion = 46;
	objects = {

/* Begin PBXBuildFile section */
		F46AB9481E777EE2004DB546 /* main.m in Sources */ = {isa = PBXBuildFile; fileRef = F46AB9471E777EE2004DB546 /* main.m */; };
		F46AB94B1E777EE2004DB546 /* AppDelegate.m in Sources */ = {isa = PBXBuildFile; fileRef = F46AB94A1E777EE2004DB546 /* AppDelegate.m */; };
		F46AB94E1E777EE2004DB546 /* ViewController.m in Sources */ = {isa = PBXBuildFile; fileRef = F46AB94D1E777EE2004DB546 /* ViewController.m */; };
		F46AB9511E777EE2004DB546 /* Main.storyboard in Resources */ = {isa = PBXBuildFile; fileRef = F46AB94F1E777EE2004DB546 /* Main.storyboard */; };
		F46AB9541E777EE2004DB546 /* ttt.xcdatamodeld in Sources */ = {isa = PBXBuildFile; fileRef = F46AB9521E777EE2004DB546 /* ttt.xcdatamodeld */; };
		F46AB9561E777EE2004DB546 /* Assets.xcassets in Resources */ = {isa = PBXBuildFile; fileRef = F46AB9551E777EE2004DB546 /* Assets.xcassets */; };
		F46AB9591E777EE2004DB546 /* LaunchScreen.storyboard in Resources */ = {isa = PBXBuildFile; fileRef = F46AB9571E777EE2004DB546 /* LaunchScreen.storyboard */; };
		F46AB9641E777EE2004DB546 /* tttUITests.m in Sources */ = {isa = PBXBuildFile; fileRef = F46AB9631E777EE2004DB546 /* tttUITests.m */; };
/* End PBXBuildFile section */

/* Begin PBXContainerItemProxy section */
		F46AB9601E777EE2004DB546 /* PBXContainerItemProxy */ = {
			isa = PBXContainerItemProxy;
			containerPortal = F46AB93B1E777EE2004DB546 /* Project object */;
			proxyType = 1;
			remoteGlobalIDString = F46AB9421E777EE2004DB546;
			remoteInfo = ttt;
		};
/* End PBXContainerItemProxy section */

/* Begin PBXFileReference section */
		F46AB9431E777EE2004DB546 /* ttt.app */ = {isa = PBXFileReference; explicitFileType = wrapper.application; includeInIndex = 0; path = ttt.app; sourceTree = BUILT_PRODUCTS_DIR; };
		F46AB9471E777EE2004DB546 /* main.m */ = {isa = PBXFileReference; lastKnownFileType = sourcecode.c.objc; path = main.m; sourceTree = "<group>"; };
		F46AB9491E777EE2004DB546 /* AppDelegate.h */ = {isa = PBXFileReference; lastKnownFileType = sourcecode.c.h; path = AppDelegate.h; sourceTree = "<group>"; };
		F46AB94A1E777EE2004DB546 /* AppDelegate.m */ = {isa = PBXFileReference; lastKnownFileType = sourcecode.c.objc; path = AppDelegate.m; sourceTree = "<group>"; };
		F46AB94C1E777EE2004DB546 /* ViewController.h */ = {isa = PBXFileReference; lastKnownFileType = sourcecode.c.h; path = ViewController.h; sourceTree = "<group>"; };
		F46AB94D1E777EE2004DB546 /* ViewController.m */ = {isa = PBXFileReference; lastKnownFileType = sourcecode.c.objc; path = ViewController.m; sourceTree = "<group>"; };
		F46AB9501E777EE2004DB546 /* Base */ = {isa = PBXFileReference; lastKnownFileType = file.storyboard; name = Base; path = Base.lproj/Main.storyboard; sourceTree = "<group>"; };
		F46AB9531E777EE2004DB546 /* ttt.xcdatamodel */ = {isa = PBXFileReference; lastKnownFileType = wrapper.xcdatamodel; path = ttt.xcdatamodel; sourceTree = "<group>"; };
		F46AB9551E777EE2004DB546 /* Assets.xcassets */ = {isa = PBXFileReference; lastKnownFileType = folder.assetcatalog; path = Assets.xcassets; sourceTree = "<group>"; };
		F46AB9581E777EE2004DB546 /* Base */ = {isa = PBXFileReference; lastKnownFileType = file.storyboard; name = Base; path = Base.lproj/LaunchScreen.storyboard; sourceTree = "<group>"; };
		F46AB95A1E777EE2004DB546 /* Info.plist */ = {isa = PBXFileReference; lastKnownFileType = text.plist.xml; path = Info.plist; sourceTree = "<group>"; };
		F46AB95F1E777EE2004DB546 /* tttUITests.xctest */ = {isa = PBXFileReference; explicitFileType = wrapper.cfbundle; includeInIndex = 0; path = tttUITests.xctest; sourceTree = BUILT_PRODUCTS_DIR; };
		F46AB9631E777EE2004DB546 /* tttUITests.m */ = {isa = PBXFileReference; lastKnownFileType = sourcecode.c.objc; path = tttUITests.m; sourceTree = "<group>"; };
		F46AB9651E777EE2004DB546 /* Info.plist */ = {isa = PBXFileReference; lastKnownFileType = text.plist.xml; path = Info.plist; sourceTree = "<group>"; };
/* End PBXFileReference section */

/* Begin PBXFrameworksBuildPhase section */
		F46AB9401E777EE2004DB546 /* Frameworks */ = {
			isa = PBXFrameworksBuildPhase;
			buildActionMask = 2147483647;
			files = (
			);
			runOnlyForDeploymentPostprocessing = 0;
		};
		F46AB95C1E777EE2004DB546 /* Frameworks */ = {
			isa = PBXFrameworksBuildPhase;
			buildActionMask = 2147483647;
			files = (
			);
			runOnlyForDeploymentPostprocessing = 0;
		};
/* End PBXFrameworksBuildPhase section */

/* Begin PBXGroup section */
		F46AB93A1E777EE2004DB546 = {
			isa = PBXGroup;
			children = (
				F46AB9451E777EE2004DB546 /* ttt */,
				F46AB9621E777EE2004DB546 /* tttUITests */,
				F46AB9441E777EE2004DB546 /* Products */,
			);
			sourceTree = "<group>";
		};
		F46AB9441E777EE2004DB546 /* Products */ = {
			isa = PBXGroup;
			children = (
				F46AB9431E777EE2004DB546 /* ttt.app */,
				F46AB95F1E777EE2004DB546 /* tttUITests.xctest */,
			);
			name = Products;
			sourceTree = "<group>";
		};
		F46AB9451E777EE2004DB546 /* ttt */ = {
			isa = PBXGroup;
			children = (
				F46AB9491E777EE2004DB546 /* AppDelegate.h */,
				F46AB94A1E777EE2004DB546 /* AppDelegate.m */,
				F46AB94C1E777EE2004DB546 /* ViewController.h */,
				F46AB94D1E777EE2004DB546 /* ViewController.m */,
				F46AB94F1E777EE2004DB546 /* Main.storyboard */,
				F46AB9551E777EE2004DB546 /* Assets.xcassets */,
				F46AB9571E777EE2004DB546 /* LaunchScreen.storyboard */,
				F46AB95A1E777EE2004DB546 /* Info.plist */,
				F46AB9521E777EE2004DB546 /* ttt.xcdatamodeld */,
				F46AB9461E777EE2004DB546 /* Supporting Files */,
			);
			path = ttt;
			sourceTree = "<group>";
		};
		F46AB9461E777EE2004DB546 /* Supporting Files */ = {
			isa = PBXGroup;
			children = (
				F46AB9471E777EE2004DB546 /* main.m */,
			);
			name = "Supporting Files";
			sourceTree = "<group>";
		};
		F46AB9621E777EE2004DB546 /* tttUITests */ = {
			isa = PBXGroup;
			children = (
				F46AB9631E777EE2004DB546 /* tttUITests.m */,
				F46AB9651E777EE2004DB546 /* Info.plist */,
			);
			path = tttUITests;
			sourceTree = "<group>";
		};
/* End PBXGroup section */

/* Begin PBXNativeTarget section */
		F46AB9421E777EE2004DB546 /* ttt */ = {
			isa = PBXNativeTarget;
			buildConfigurationList = F46AB9681E777EE2004DB546 /* Build configuration list for PBXNativeTarget "ttt" */;
			buildPhases = (
				F46AB93F1E777EE2004DB546 /* Sources */,
				F46AB9401E777EE2004DB546 /* Frameworks */,
				F46AB9411E777EE2004DB546 /* Resources */,
			);
			buildRules = (
			);
			dependencies = (
			);
			name = ttt;
			productName = ttt;
			productReference = F46AB9431E777EE2004DB546 /* ttt.app */;
			productType = "com.apple.product-type.application";
		};
		F46AB95E1E777EE2004DB546 /* tttUITests */ = {
			isa = PBXNativeTarget;
			buildConfigurationList = F46AB96B1E777EE2004DB546 /* Build configuration list for PBXNativeTarget "tttUITests" */;
			buildPhases = (
				F46AB95B1E777EE2004DB546 /* Sources */,
				F46AB95C1E777EE2004DB546 /* Frameworks */,
				F46AB95D1E777EE2004DB546 /* Resources */,
			);
			buildRules = (
			);
			dependencies = (
				F46AB9611E777EE2004DB546 /* PBXTargetDependency */,
			);
			name = tttUITests;
			productName = tttUITests;
			productReference = F46AB95F1E777EE2004DB546 /* tttUITests.xctest */;
			productType = "com.apple.product-type.bundle.ui-testing";
		};
/* End PBXNativeTarget section */

/* Begin PBXProject section */
		F46AB93B1E777EE2004DB546 /* Project object */ = {
			isa = PBXProject;
			attributes = {
				LastUpgradeCheck = 0820;
				ORGANIZATIONNAME = "庆鹏王";
				TargetAttributes = {
					F46AB9421E777EE2004DB546 = {
						CreatedOnToolsVersion = 8.2.1;
						ProvisioningStyle = Automatic;
					};
					F46AB95E1E777EE2004DB546 = {
						CreatedOnToolsVersion = 8.2.1;
						ProvisioningStyle = Automatic;
						TestTargetID = F46AB9421E777EE2004DB546;
					};
				};
			};
			buildConfigurationList = F46AB93E1E777EE2004DB546 /* Build configuration list for PBXProject "ttt" */;
			compatibilityVersion = "Xcode 3.2";
			developmentRegion = English;
			hasScannedForEncodings = 0;
			knownRegions = (
				en,
				Base,
			);
			mainGroup = F46AB93A1E777EE2004DB546;
			productRefGroup = F46AB9441E777EE2004DB546 /* Products */;
			projectDirPath = "";
			projectRoot = "";
			targets = (
				F46AB9421E777EE2004DB546 /* ttt */,
				F46AB95E1E777EE2004DB546 /* tttUITests */,
			);
		};
/* End PBXProject section */

/* Begin PBXResourcesBuildPhase section */
		F46AB9411E777EE2004DB546 /* Resources */ = {
			isa = PBXResourcesBuildPhase;
			buildActionMask = 2147483647;
			files = (
				F46AB9591E777EE2004DB546 /* LaunchScreen.storyboard in Resources */,
				F46AB9561E777EE2004DB546 /* Assets.xcassets in Resources */,
				F46AB9511E777EE2004DB546 /* Main.storyboard in Resources */,
			);
			runOnlyForDeploymentPostprocessing = 0;
		};
		F46AB95D1E777EE2004DB546 /* Resources */ = {
			isa = PBXResourcesBuildPhase;
			buildActionMask = 2147483647;
			files = (
			);
			runOnlyForDeploymentPostprocessing = 0;
		};
/* End PBXResourcesBuildPhase section */

/* Begin PBXSourcesBuildPhase section */
		F46AB93F1E777EE2004DB546 /* Sources */ = {
			isa = PBXSourcesBuildPhase;
			buildActionMask = 2147483647;
			files = (
				F46AB9541E777EE2004DB546 /* ttt.xcdatamodeld in Sources */,
				F46AB94E1E777EE2004DB546 /* ViewController.m in Sources */,
				F46AB94B1E777EE2004DB546 /* AppDelegate.m in Sources */,
				F46AB9481E777EE2004DB546 /* main.m in Sources */,
			);
			runOnlyForDeploymentPostprocessing = 0;
		};
		F46AB95B1E777EE2004DB546 /* Sources */ = {
			isa = PBXSourcesBuildPhase;
			buildActionMask = 2147483647;
			files = (
				F46AB9641E777EE2004DB546 /* tttUITests.m in Sources */,
			);
			runOnlyForDeploymentPostprocessing = 0;
		};
/* End PBXSourcesBuildPhase section */

/* Begin PBXTargetDependency section */
		F46AB9611E777EE2004DB546 /* PBXTargetDependency */ = {
			isa = PBXTargetDependency;
			target = F46AB9421E777EE2004DB546 /* ttt */;
			targetProxy = F46AB9601E777EE2004DB546 /* PBXContainerItemProxy */;
		};
/* End PBXTargetDependency section */

/* Begin PBXVariantGroup section */
		F46AB94F1E777EE2004DB546 /* Main.storyboard */ = {
			isa = PBXVariantGroup;
			children = (
				F46AB9501E777EE2004DB546 /* Base */,
			);
			name = Main.storyboard;
			sourceTree = "<group>";
		};
		F46AB9571E777EE2004DB546 /* LaunchScreen.storyboard */ = {
			isa = PBXVariantGroup;
			children = (
				F46AB9581E777EE2004DB546 /* Base */,
			);
			name = LaunchScreen.storyboard;
			sourceTree = "<group>";
		};
/* End PBXVariantGroup section */

/* Begin XCBuildConfiguration section */
		F46AB9661E777EE2004DB546 /* Debug */ = {
			isa = XCBuildConfiguration;
			buildSettings = {
				ALWAYS_SEARCH_USER_PATHS = NO;
				CLANG_ANALYZER_NONNULL = YES;
				CLANG_CXX_LANGUAGE_STANDARD = "gnu++0x";
				CLANG_CXX_LIBRARY = "libc++";
				CLANG_ENABLE_MODULES = YES;
				CLANG_ENABLE_OBJC_ARC = YES;
				CLANG_WARN_BOOL_CONVERSION = YES;
				CLANG_WARN_CONSTANT_CONVERSION = YES;
				CLANG_WARN_DIRECT_OBJC_ISA_USAGE = YES_ERROR;
				CLANG_WARN_DOCUMENTATION_COMMENTS = YES;
				CLANG_WARN_EMPTY_BODY = YES;
				CLANG_WARN_ENUM_CONVERSION = YES;
				CLANG_WARN_INFINITE_RECURSION = YES;
				CLANG_WARN_INT_CONVERSION = YES;
				CLANG_WARN_OBJC_ROOT_CLASS = YES_ERROR;
				CLANG_WARN_SUSPICIOUS_MOVE = YES;
				CLANG_WARN_UNREACHABLE_CODE = YES;
				CLANG_WARN__DUPLICATE_METHOD_MATCH = YES;
				"CODE_SIGN_IDENTITY[sdk=iphoneos*]" = "iPhone Developer";
				COPY_PHASE_STRIP = NO;
				DEBUG_INFORMATION_FORMAT = dwarf;
				ENABLE_STRICT_OBJC_MSGSEND = YES;
				ENABLE_TESTABILITY = YES;
				GCC_C_LANGUAGE_STANDARD = gnu99;
				GCC_DYNAMIC_NO_PIC = NO;
				GCC_NO_COMMON_BLOCKS = YES;
				GCC_OPTIMIZATION_LEVEL = 0;
				GCC_PREPROCESSOR_DEFINITIONS = (
					"DEBUG=1",
					"$(inherited)",
				);
				GCC_WARN_64_TO_32_BIT_CONVERSION = YES;
				GCC_WARN_ABOUT_RETURN_TYPE = YES_ERROR;
				GCC_WARN_UNDECLARED_SELECTOR = YES;
				GCC_WARN_UNINITIALIZED_AUTOS = YES_AGGRESSIVE;
				GCC_WARN_UNUSED_FUNCTION = YES;
				GCC_WARN_UNUSED_VARIABLE = YES;
				IPHONEOS_DEPLOYMENT_TARGET = 10.2;
				MTL_ENABLE_DEBUG_INFO = YES;
				ONLY_ACTIVE_ARCH = YES;
				SDKROOT = iphoneos;
			};
			name = Debug;
		};
		F46AB9671E777EE2004DB546 /* Release */ = {
			isa = XCBuildConfiguration;
			buildSettings = {
				ALWAYS_SEARCH_USER_PATHS = NO;
				CLANG_ANALYZER_NONNULL = YES;
				CLANG_CXX_LANGUAGE_STANDARD = "gnu++0x";
				CLANG_CXX_LIBRARY = "libc++";
				CLANG_ENABLE_MODULES = YES;
				CLANG_ENABLE_OBJC_ARC = YES;
				CLANG_WARN_BOOL_CONVERSION = YES;
				CLANG_WARN_CONSTANT_CONVERSION = YES;
				CLANG_WARN_DIRECT_OBJC_ISA_USAGE = YES_ERROR;
				CLANG_WARN_DOCUMENTATION_COMMENTS = YES;
				CLANG_WARN_EMPTY_BODY = YES;
				CLANG_WARN_ENUM_CONVERSION = YES;
				CLANG_WARN_INFINITE_RECURSION = YES;
				CLANG_WARN_INT_CONVERSION = YES;
				CLANG_WARN_OBJC_ROOT_CLASS = YES_ERROR;
				CLANG_WARN_SUSPICIOUS_MOVE = YES;
				CLANG_WARN_UNREACHABLE_CODE = YES;
				CLANG_WARN__DUPLICATE_METHOD_MATCH = YES;
				"CODE_SIGN_IDENTITY[sdk=iphoneos*]" = "iPhone Developer";
				COPY_PHASE_STRIP = NO;
				DEBUG_INFORMATION_FORMAT = "dwarf-with-dsym";
				ENABLE_NS_ASSERTIONS = NO;
				ENABLE_STRICT_OBJC_MSGSEND = YES;
				GCC_C_LANGUAGE_STANDARD = gnu99;
				GCC_NO_COMMON_BLOCKS = YES;
				GCC_WARN_64_TO_32_BIT_CONVERSION = YES;
				GCC_WARN_ABOUT_RETURN_TYPE = YES_ERROR;
				GCC_WARN_UNDECLARED_SELECTOR = YES;
				GCC_WARN_UNINITIALIZED_AUTOS = YES_AGGRESSIVE;
				GCC_WARN_UNUSED_FUNCTION = YES;
				GCC_WARN_UNUSED_VARIABLE = YES;
				IPHONEOS_DEPLOYMENT_TARGET = 10.2;
				MTL_ENABLE_DEBUG_INFO = NO;
				SDKROOT = iphoneos;
				VALIDATE_PRODUCT = YES;
			};
			name = Release;
		};
		F46AB9691E777EE2004DB546 /* Debug */ = {
			isa = XCBuildConfiguration;
			buildSettings = {
				ASSETCATALOG_COMPILER_APPICON_NAME = AppIcon;
				INFOPLIST_FILE = ttt/Info.plist;
				LD_RUNPATH_SEARCH_PATHS = "$(inherited) @executable_path/Frameworks";
				PRODUCT_BUNDLE_IDENTIFIER = "---.ttt";
				PRODUCT_NAME = "$(TARGET_NAME)";
			};
			name = Debug;
		};
		F46AB96A1E777EE2004DB546 /* Release */ = {
			isa = XCBuildConfiguration;
			buildSettings = {
				ASSETCATALOG_COMPILER_APPICON_NAME = AppIcon;
				INFOPLIST_FILE = ttt/Info.plist;
				LD_RUNPATH_SEARCH_PATHS = "$(inherited) @executable_path/Frameworks";
				PRODUCT_BUNDLE_IDENTIFIER = "---.ttt";
				PRODUCT_NAME = "$(TARGET_NAME)";
			};
			name = Release;
		};
		F46AB96C1E777EE2004DB546 /* Debug */ = {
			isa = XCBuildConfiguration;
			buildSettings = {
				INFOPLIST_FILE = tttUITests/Info.plist;
				LD_RUNPATH_SEARCH_PATHS = "$(inherited) @executable_path/Frameworks @loader_path/Frameworks";
				PRODUCT_BUNDLE_IDENTIFIER = "---.tttUITests";
				PRODUCT_NAME = "$(TARGET_NAME)";
				TEST_TARGET_NAME = ttt;
			};
			name = Debug;
		};
		F46AB96D1E777EE2004DB546 /* Release */ = {
			isa = XCBuildConfiguration;
			buildSettings = {
				INFOPLIST_FILE = tttUITests/Info.plist;
				LD_RUNPATH_SEARCH_PATHS = "$(inherited) @executable_path/Frameworks @loader_path/Frameworks";
				PRODUCT_BUNDLE_IDENTIFIER = "---.tttUITests";
				PRODUCT_NAME = "$(TARGET_NAME)";
				TEST_TARGET_NAME = ttt;
			};
			name = Release;
		};
/* End XCBuildConfiguration section */

/* Begin XCConfigurationList section */
		F46AB93E1E777EE2004DB546 /* Build configuration list for PBXProject "ttt" */ = {
			isa = XCConfigurationList;
			buildConfigurations = (
				F46AB9661E777EE2004DB546 /* Debug */,
				F46AB9671E777EE2004DB546 /* Release */,
			);
			defaultConfigurationIsVisible = 0;
			defaultConfigurationName = Release;
		};
		F46AB9681E777EE2004DB546 /* Build configuration list for PBXNativeTarget "ttt" */ = {
			isa = XCConfigurationList;
			buildConfigurations = (
				F46AB9691E777EE2004DB546 /* Debug */,
				F46AB96A1E777EE2004DB546 /* Release */,
			);
			defaultConfigurationIsVisible = 0;
		};
		F46AB96B1E777EE2004DB546 /* Build configuration list for PBXNativeTarget "tttUITests" */ = {
			isa = XCConfigurationList;
			buildConfigurations = (
				F46AB96C1E777EE2004DB546 /* Debug */,
				F46AB96D1E777EE2004DB546 /* Release */,
			);
			defaultConfigurationIsVisible = 0;
		};
/* End XCConfigurationList section */

/* Begin XCVersionGroup section */
		F46AB9521E777EE2004DB546 /* ttt.xcdatamodeld */ = {
			isa = XCVersionGroup;
			children = (
				F46AB9531E777EE2004DB546 /* ttt.xcdatamodel */,
			);
			currentVersion = F46AB9531E777EE2004DB546 /* ttt.xcdatamodel */;
			path = ttt.xcdatamodeld;
			sourceTree = "<group>";
			versionGroupType = wrapper.xcdatamodel;
		};
/* End XCVersionGroup section */
	};
	rootObject = F46AB93B1E777EE2004DB546 /* Project object */;
}
